
Microsoft Visual Studio Solution File, Format Version 12.00
# Visual Studio Version 16
VisualStudioVersion = 16.0.31624.102
MinimumVisualStudioVersion = 10.0.40219.1
Project("{9A19103F-16F7-4668-BE54-9A1E7A4F7556}") = "Training_Project", "Training_Project\Training_Project.csproj", "{F67B2BA0-25E8-4171-9A16-A41CBCE4718E}"
EndProject
Project("{FAE04EC0-301F-11D3-BF4B-00C04F79EFBC}") = "Company_Orders", "Company_Orders\Company_Orders.csproj", "{20B91F08-4131-4D0A-B4E7-26E0BEA4AD76}"
EndProject
Project("{FAE04EC0-301F-11D3-BF4B-00C04F79EFBC}") = "SkillAssure", "SkillAssure\SkillAssure.csproj", "{BE8392A0-8270-4AED-B5E4-933FE5AD2B36}"
EndProject
Global
	GlobalSection(SolutionConfigurationPlatforms) = preSolution
		Debug|Any CPU = Debug|Any CPU
		Release|Any CPU = Release|Any CPU
	EndGlobalSection
	GlobalSection(ProjectConfigurationPlatforms) = postSolution
		{F67B2BA0-25E8-4171-9A16-A41CBCE4718E}.Debug|Any CPU.ActiveCfg = Debug|Any CPU
		{F67B2BA0-25E8-4171-9A16-A41CBCE4718E}.Debug|Any CPU.Build.0 = Debug|Any CPU
		{F67B2BA0-25E8-4171-9A16-A41CBCE4718E}.Release|Any CPU.ActiveCfg = Release|Any CPU
		{F67B2BA0-25E8-4171-9A16-A41CBCE4718E}.Release|Any CPU.Build.0 = Release|Any CPU
		{20B91F08-4131-4D0A-B4E7-26E0BEA4AD76}.Debug|Any CPU.ActiveCfg = Debug|Any CPU
		{20B91F08-4131-4D0A-B4E7-26E0BEA4AD76}.Debug|Any CPU.Build.0 = Debug|Any CPU
		{20B91F08-4131-4D0A-B4E7-26E0BEA4AD76}.Release|Any CPU.ActiveCfg = Release|Any CPU
		{20B91F08-4131-4D0A-B4E7-26E0BEA4AD76}.Release|Any CPU.Build.0 = Release|Any CPU
		{BE8392A0-8270-4AED-B5E4-933FE5AD2B36}.Debug|Any CPU.ActiveCfg = Debug|Any CPU
		{BE8392A0-8270-4AED-B5E4-933FE5AD2B36}.Debug|Any CPU.Build.0 = Debug|Any CPU
		{BE8392A0-8270-4AED-B5E4-933FE5AD2B36}.Release|Any CPU.ActiveCfg = Release|Any CPU
		{BE8392A0-8270-4AED-B5E4-933FE5AD2B36}.Release|Any CPU.Build.0 = Release|Any CPU
	EndGlobalSection
	GlobalSection(SolutionProperties) = preSolution
		HideSolutionNode = FALSE
	EndGlobalSection
	GlobalSection(ExtensibilityGlobals) = postSolution
		SolutionGuid = {6F91F5F7-49CE-4BF8-8862-770C80D0353B}
	EndGlobalSection
EndGlobal
